{
  "requires": true,
  "lockfileVersion": 1,
  "dependencies": {
    "@editorjs/header": {
      "version": "2.3.2",
      "resolved": "https://registry.npmjs.org/@editorjs/header/-/header-2.3.2.tgz",
      "integrity": "sha512-Chsnwo3kRTJGtWQdxikYfPCjgA3FtFmZM5mmFno7Pwjk0AQWBnU+Vb9TCIkYw+LpchWm+D+3Px7saRchCF2jnQ=="
    },
    "@editorjs/image": {
      "version": "2.3.3",
      "resolved": "https://registry.npmjs.org/@editorjs/image/-/image-2.3.3.tgz",
      "integrity": "sha512-IYPCGFVRYyR37m9OeoX4I5SPlMPzHtEgjHzOTeZoU749CI2a7FYVBcMT2j5xoyfDtNSjWT9LAlvPJULv3CFxgg==",
      "dev": true
    },
    "@editorjs/paragraph": {
      "version": "2.6.1",
      "resolved": "https://registry.npmjs.org/@editorjs/paragraph/-/paragraph-2.6.1.tgz",
      "integrity": "sha512-YaV8nVQVS3iMKig/XwmX0+Bq4NxHymWdUPdwpaAyyhOoo6z0ht5uhEzDG9QOOTVKsimcmR49bJLEtl3dlBoqxA=="
    }
  }
}
